Microsoft Visual Studio Solution File, Format Version 11.00
# Visual Studio 2008

Project("{42E166F2-E067-2B84-66A9-16C586DC3149}") = "infrunner", "Assembly-CSharp-firstpass.csproj", "{49AD70C1-8A56-BA3F-0E5F-09C56E0176C8}"
EndProject
Project("{42E166F2-E067-2B84-66A9-16C586DC3149}") = "infrunner", "Assembly-CSharp.csproj", "{1636A815-BC49-39D5-2D48-CC0A0BA3E905}"
EndProject
Project("{42E166F2-E067-2B84-66A9-16C586DC3149}") = "infrunner", "Assembly-CSharp-Editor.csproj", "{90D26EE4-9720-5A53-61AB-8D9543DC589A}"
EndProject
Global
	GlobalSection(SolutionConfigurationPlatforms) = preSolution
		Debug|Any CPU = Debug|Any CPU
		Release|Any CPU = Release|Any CPU
	EndGlobalSection
	GlobalSection(ProjectConfigurationPlatforms) = postSolution
		{49AD70C1-8A56-BA3F-0E5F-09C56E0176C8}.Debug|Any CPU.ActiveCfg = Debug|Any CPU
		{49AD70C1-8A56-BA3F-0E5F-09C56E0176C8}.Debug|Any CPU.Build.0 = Debug|Any CPU
		{49AD70C1-8A56-BA3F-0E5F-09C56E0176C8}.Release|Any CPU.ActiveCfg = Release|Any CPU
		{49AD70C1-8A56-BA3F-0E5F-09C56E0176C8}.Release|Any CPU.Build.0 = Release|Any CPU
		{1636A815-BC49-39D5-2D48-CC0A0BA3E905}.Debug|Any CPU.ActiveCfg = Debug|Any CPU
		{1636A815-BC49-39D5-2D48-CC0A0BA3E905}.Debug|Any CPU.Build.0 = Debug|Any CPU
		{1636A815-BC49-39D5-2D48-CC0A0BA3E905}.Release|Any CPU.ActiveCfg = Release|Any CPU
		{1636A815-BC49-39D5-2D48-CC0A0BA3E905}.Release|Any CPU.Build.0 = Release|Any CPU
		{90D26EE4-9720-5A53-61AB-8D9543DC589A}.Debug|Any CPU.ActiveCfg = Debug|Any CPU
		{90D26EE4-9720-5A53-61AB-8D9543DC589A}.Debug|Any CPU.Build.0 = Debug|Any CPU
		{90D26EE4-9720-5A53-61AB-8D9543DC589A}.Release|Any CPU.ActiveCfg = Release|Any CPU
		{90D26EE4-9720-5A53-61AB-8D9543DC589A}.Release|Any CPU.Build.0 = Release|Any CPU
	EndGlobalSection
	GlobalSection(SolutionProperties) = preSolution
		HideSolutionNode = FALSE
	EndGlobalSection
	GlobalSection(MonoDevelopProperties) = preSolution
		StartupItem = Assembly-CSharp.csproj
	EndGlobalSection
EndGlobal
